{
  "nodes": {
    "flake-utils": {
      "locked": {
        "lastModified": 1659877975,
        "narHash": "sha256-zllb8aq3YO3h8B/U0/J1WBgAL8EX5yWf5pMj3G0NAmc=",
        "owner": "numtide",
        "repo": "flake-utils",
        "rev": "c0e246b9b83f637f4681389ecabcb2681b4f3af0",
        "type": "github"
      },
      "original": {
        "owner": "numtide",
        "repo": "flake-utils",
        "type": "github"
      }
    },
    "flake-utils_2": {
      "locked": {
        "lastModified": 1656928814,
        "narHash": "sha256-RIFfgBuKz6Hp89yRr7+NR5tzIAbn52h8vT6vXkYjZoM=",
        "owner": "numtide",
        "repo": "flake-utils",
        "rev": "7e2a3b3dfd9af950a856d66b0a7d01e3c18aa249",
        "type": "github"
      },
      "original": {
        "owner": "numtide",
        "repo": "flake-utils",
        "type": "github"
      }
    },
    "nixpkgs": {
      "locked": {
        "lastModified": 1664989420,
        "narHash": "sha256-Q8IxomUjjmewsoJgO3htkXLfCckQ7HkDJ/ZhdYVf/fA=",
        "owner": "NixOS",
        "repo": "nixpkgs",
        "rev": "37bd39839acf99c5b738319f42478296f827f274",
        "type": "github"
      },
      "original": {
        "owner": "NixOS",
        "ref": "nixos-unstable",
        "repo": "nixpkgs",
        "type": "github"
      }
    },
    "root": {
      "inputs": {
        "flake-utils": "flake-utils",
        "nixpkgs": "nixpkgs",
        "rust-overlay": "rust-overlay"
      }
    },
    "rust-overlay": {
      "inputs": {
        "flake-utils": "flake-utils_2",
        "nixpkgs": [
          "nixpkgs"
        ]
      },
      "locked": {
        "lastModified": 1665024572,
        "narHash": "sha256-b6Tnu74VzdMaJgKHM9iJ6fVf9svzYI+ktfzMGoDt/Og=",
        "owner": "oxalica",
        "repo": "rust-overlay",
        "rev": "fb4d8ee5220b76d1ffb4b4e1fedcf3cbc93ead1a",
        "type": "github"
      },
      "original": {
        "owner": "oxalica",
        "ref": "master",
        "repo": "rust-overlay",
        "type": "github"
      }
    }
  },
  "root": "root",
  "version": 7
}
