{
  "nodes": {
    "dapptools": {
      "flake": false,
      "locked": {
        "lastModified": 1663083918,
        "narHash": "sha256-JVRKYeHidAdaqzypn4UZvJ/1WGCt8nK7VUm5W7KDZyA=",
        "owner": "dapphub",
        "repo": "dapptools",
        "rev": "01ef8ea418c3fe49089a44d56013d8fcc34a1ec2",
        "type": "github"
      },
      "original": {
        "owner": "dapphub",
        "ref": "master",
        "repo": "dapptools",
        "type": "github"
      }
    },
    "fuel-v1-contracts": {
      "flake": false,
      "locked": {
        "lastModified": 1659016279,
        "narHash": "sha256-naEkyaXa5BROsIDas1sYdJ5mvZPK1j/ftB7i7k5BqzM=",
        "owner": "FuelLabs",
        "repo": "fuel-merkle-sol",
        "rev": "90e8463074d9c038ef7f0b15d3bb91549812bb02",
        "type": "github"
      },
      "original": {
        "owner": "FuelLabs",
        "repo": "fuel-merkle-sol",
        "type": "github"
      }
    },
    "fuel-v2-contracts": {
      "flake": false,
      "locked": {
        "lastModified": 1660957336,
        "narHash": "sha256-J+jgpJabagUwE6Orlb5kqfBGS11psBBw5SoghUoeQyA=",
        "ref": "refs/heads/master",
        "rev": "3161ba9a80b827bfbb9fbc9c8f2db421db30d230",
        "revCount": 209,
        "type": "git",
        "url": "ssh://git@github.com/fuellabs/fuel-v2-contracts/"
      },
      "original": {
        "type": "git",
        "url": "ssh://git@github.com/fuellabs/fuel-v2-contracts/"
      }
    },
    "nixpkgs": {
      "locked": {
        "lastModified": 1664370076,
        "narHash": "sha256-NDnIo0nxJozLwEw0VPM+RApMA90uTfbvaNNtC5eB7Os=",
        "owner": "NixOS",
        "repo": "nixpkgs",
        "rev": "854fdc68881791812eddd33b2fed94b954979a8e",
        "type": "github"
      },
      "original": {
        "owner": "NixOS",
        "ref": "nixos-unstable",
        "repo": "nixpkgs",
        "type": "github"
      }
    },
    "nixpkgs_2": {
      "locked": {
        "lastModified": 1653917367,
        "narHash": "sha256-04MsJC0g9kE01nBuXThMppZK+yvCZECQnUaZKSU+HJo=",
        "owner": "NixOS",
        "repo": "nixpkgs",
        "rev": "437c8e6554911095f0557d524e9d2ffe1c26e33a",
        "type": "github"
      },
      "original": {
        "id": "nixpkgs",
        "type": "indirect"
      }
    },
    "npm": {
      "inputs": {
        "nixpkgs": "nixpkgs_2"
      },
      "locked": {
        "lastModified": 1664286682,
        "narHash": "sha256-OBdpqW2zpwYF/JWUk013rbMdIC3R17ynX78tQPbfHNw=",
        "owner": "serokell",
        "repo": "nix-npm-buildpackage",
        "rev": "bc0c4989f664ff262d3ab39cad9dc0f6f1c10017",
        "type": "github"
      },
      "original": {
        "owner": "serokell",
        "repo": "nix-npm-buildpackage",
        "type": "github"
      }
    },
    "open-zeppelin": {
      "flake": false,
      "locked": {
        "lastModified": 1664402754,
        "narHash": "sha256-Yj+YrCTmAcEYrl39YKYg3gL+rHABQi9PAqO01cC9cCc=",
        "owner": "OpenZeppelin",
        "repo": "openzeppelin-contracts",
        "rev": "26dddee1c05ff91264ae24c5c172bd05827cf5d8",
        "type": "github"
      },
      "original": {
        "owner": "OpenZeppelin",
        "repo": "openzeppelin-contracts",
        "type": "github"
      }
    },
    "root": {
      "inputs": {
        "dapptools": "dapptools",
        "fuel-v1-contracts": "fuel-v1-contracts",
        "fuel-v2-contracts": "fuel-v2-contracts",
        "nixpkgs": "nixpkgs",
        "npm": "npm",
        "open-zeppelin": "open-zeppelin"
      }
    }
  },
  "root": "root",
  "version": 7
}
