# This file is automatically @generated by Cargo.
# It is not intended for manual editing.
version = 3

[[package]]
name = "aho-corasick"
version = "0.7.20"
source = "registry+https://github.com/rust-lang/crates.io-index"
checksum = "cc936419f96fa211c1b9166887b38e5e40b19958e5b895be7c1f93adec7071ac"
dependencies = [
 "memchr",
]

[[package]]
name = "anyhow"
version = "1.0.68"
source = "registry+https://github.com/rust-lang/crates.io-index"
checksum = "2cb2f989d18dd141ab8ae82f64d1a8cdd37e0840f73a406896cf5e99502fab61"

[[package]]
name = "arrayvec"
version = "0.7.2"
source = "registry+https://github.com/rust-lang/crates.io-index"
checksum = "8da52d66c7071e2e3fa2a1e5c6d088fec47b593032b254f5e980de8ea54454d6"

[[package]]
name = "autocfg"
version = "1.1.0"
source = "registry+https://github.com/rust-lang/crates.io-index"
checksum = "d468802bab17cbc0cc575e9b053f41e72aa36bfa6b7f55e3529ffa43161b97fa"

[[package]]
name = "base64"
version = "0.13.1"
source = "registry+https://github.com/rust-lang/crates.io-index"
checksum = "9e1b586273c5702936fe7b7d6896644d8be71e6314cfe09d3167c95f712589e8"

[[package]]
name = "bigdecimal"
version = "0.3.0"
source = "registry+https://github.com/rust-lang/crates.io-index"
checksum = "6aaf33151a6429fe9211d1b276eafdf70cdff28b071e76c0b0e1503221ea3744"
dependencies = [
 "num-bigint",
 "num-integer",
 "num-traits",
]

[[package]]
name = "bitflags"
version = "1.3.2"
source = "registry+https://github.com/rust-lang/crates.io-index"
checksum = "bef38d45163c2f1dde094a7dfd33ccf595c92905c8f8f4fdc18d06fb1037718a"

[[package]]
name = "bitvec"
version = "1.0.1"
source = "registry+https://github.com/rust-lang/crates.io-index"
checksum = "1bc2832c24239b0141d5674bb9174f9d68a8b5b3f2753311927c172ca46f7e9c"
dependencies = [
 "funty",
 "radium",
 "tap",
 "wyz",
]

[[package]]
name = "block-buffer"
version = "0.10.3"
source = "registry+https://github.com/rust-lang/crates.io-index"
checksum = "69cce20737498f97b993470a6e536b8523f0af7892a4f928cceb1ac5e52ebe7e"
dependencies = [
 "generic-array",
]

[[package]]
name = "byte-slice-cast"
version = "1.2.2"
source = "registry+https://github.com/rust-lang/crates.io-index"
checksum = "c3ac9f8b63eca6fd385229b3675f6cc0dc5c8a5c8a54a59d4f52ffd670d87b0c"

[[package]]
name = "byteorder"
version = "1.4.3"
source = "registry+https://github.com/rust-lang/crates.io-index"
checksum = "14c189c53d098945499cdfa7ecc63567cf3886b3332b312a5b4585d8d3a6a610"

[[package]]
name = "bytes"
version = "1.3.0"
source = "registry+https://github.com/rust-lang/crates.io-index"
checksum = "dfb24e866b15a1af2a1b663f10c6b6b8f397a84aadb828f12e5b289ec23a3a3c"

[[package]]
name = "cfg-if"
version = "1.0.0"
source = "registry+https://github.com/rust-lang/crates.io-index"
checksum = "baf1de4339761588bc0619e3cbc0120ee582ebb74b53b4efbf79117bd2da40fd"

[[package]]
name = "cpufeatures"
version = "0.2.5"
source = "registry+https://github.com/rust-lang/crates.io-index"
checksum = "28d997bd5e24a5928dd43e46dc529867e207907fe0b239c3477d924f7f2ca320"
dependencies = [
 "libc",
]

[[package]]
name = "crunchy"
version = "0.2.2"
source = "registry+https://github.com/rust-lang/crates.io-index"
checksum = "7a81dae078cea95a014a339291cec439d2f232ebe854a9d672b796c6afafa9b7"

[[package]]
name = "crypto-common"
version = "0.1.6"
source = "registry+https://github.com/rust-lang/crates.io-index"
checksum = "1bfb12502f3fc46cca1bb51ac28df9d618d813cdc3d2f25b9fe775a34af26bb3"
dependencies = [
 "generic-array",
 "typenum",
]

[[package]]
name = "digest"
version = "0.10.6"
source = "registry+https://github.com/rust-lang/crates.io-index"
checksum = "8168378f4e5023e7218c89c891c0fd8ecdb5e5e4f18cb78f38cf245dd021e76f"
dependencies = [
 "block-buffer",
 "crypto-common",
]

[[package]]
name = "either"
version = "1.8.0"
source = "registry+https://github.com/rust-lang/crates.io-index"
checksum = "90e5c1c8368803113bf0c9584fc495a58b86dc8a29edbf8fe877d21d9507e797"

[[package]]
name = "ethabi"
version = "17.2.0"
source = "registry+https://github.com/rust-lang/crates.io-index"
checksum = "e4966fba78396ff92db3b817ee71143eccd98acf0f876b8d600e585a670c5d1b"
dependencies = [
 "ethereum-types",
 "hex",
 "once_cell",
 "regex",
 "serde",
 "serde_json",
 "sha3",
 "thiserror",
 "uint",
]

[[package]]
name = "ethbloom"
version = "0.12.1"
source = "registry+https://github.com/rust-lang/crates.io-index"
checksum = "11da94e443c60508eb62cf256243a64da87304c2802ac2528847f79d750007ef"
dependencies = [
 "crunchy",
 "fixed-hash",
 "impl-rlp",
 "impl-serde",
 "tiny-keccak",
]

[[package]]
name = "ethereum-types"
version = "0.13.1"
source = "registry+https://github.com/rust-lang/crates.io-index"
checksum = "b2827b94c556145446fcce834ca86b7abf0c39a805883fe20e72c5bfdb5a0dc6"
dependencies = [
 "ethbloom",
 "fixed-hash",
 "impl-rlp",
 "impl-serde",
 "primitive-types",
 "uint",
]

[[package]]
name = "fastrand"
version = "1.8.0"
source = "registry+https://github.com/rust-lang/crates.io-index"
checksum = "a7a407cfaa3385c4ae6b23e84623d48c2798d06e3e6a1878f7f59f17b3f86499"
dependencies = [
 "instant",
]

[[package]]
name = "fixed-hash"
version = "0.7.0"
source = "registry+https://github.com/rust-lang/crates.io-index"
checksum = "cfcf0ed7fe52a17a03854ec54a9f76d6d84508d1c0e66bc1793301c73fc8493c"
dependencies = [
 "byteorder",
 "rand",
 "rustc-hex",
 "static_assertions",
]

[[package]]
name = "fixedbitset"
version = "0.4.2"
source = "registry+https://github.com/rust-lang/crates.io-index"
checksum = "0ce7134b9999ecaf8bcd65542e436736ef32ddca1b3e06094cb6ec5755203b80"

[[package]]
name = "funty"
version = "2.0.0"
source = "registry+https://github.com/rust-lang/crates.io-index"
checksum = "e6d5a32815ae3f33302d95fdcb2ce17862f8c65363dcfd29360480ba1001fc9c"

[[package]]
name = "generic-array"
version = "0.14.6"
source = "registry+https://github.com/rust-lang/crates.io-index"
checksum = "bff49e947297f3312447abdca79f45f4738097cc82b06e72054d2223f601f1b9"
dependencies = [
 "typenum",
 "version_check",
]

[[package]]
name = "getrandom"
version = "0.2.8"
source = "registry+https://github.com/rust-lang/crates.io-index"
checksum = "c05aeb6a22b8f62540c194aac980f2115af067bfe15a0734d7277a768d396b31"
dependencies = [
 "cfg-if",
 "libc",
 "wasi",
]

[[package]]
name = "hashbrown"
version = "0.12.3"
source = "registry+https://github.com/rust-lang/crates.io-index"
checksum = "8a9ee70c43aaf417c914396645a0fa852624801b24ebb7ae78fe8272889ac888"

[[package]]
name = "heck"
version = "0.4.0"
source = "registry+https://github.com/rust-lang/crates.io-index"
checksum = "2540771e65fc8cb83cd6e8a237f70c319bd5c29f78ed1084ba5d50eeac86f7f9"

[[package]]
name = "hex"
version = "0.4.3"
source = "registry+https://github.com/rust-lang/crates.io-index"
checksum = "7f24254aa9a54b5c858eaee2f5bccdb46aaf0e486a595ed5fd8f86ba55232a70"

[[package]]
name = "hex-literal"
version = "0.3.4"
source = "registry+https://github.com/rust-lang/crates.io-index"
checksum = "7ebdb29d2ea9ed0083cd8cece49bbd968021bd99b0849edb4a9a7ee0fdf6a4e0"

[[package]]
name = "impl-codec"
version = "0.6.0"
source = "registry+https://github.com/rust-lang/crates.io-index"
checksum = "ba6a270039626615617f3f36d15fc827041df3b78c439da2cadfa47455a77f2f"
dependencies = [
 "parity-scale-codec",
]

[[package]]
name = "impl-rlp"
version = "0.3.0"
source = "registry+https://github.com/rust-lang/crates.io-index"
checksum = "f28220f89297a075ddc7245cd538076ee98b01f2a9c23a53a4f1105d5a322808"
dependencies = [
 "rlp",
]

[[package]]
name = "impl-serde"
version = "0.3.2"
source = "registry+https://github.com/rust-lang/crates.io-index"
checksum = "4551f042f3438e64dbd6226b20527fc84a6e1fe65688b58746a2f53623f25f5c"
dependencies = [
 "serde",
]

[[package]]
name = "impl-trait-for-tuples"
version = "0.2.2"
source = "registry+https://github.com/rust-lang/crates.io-index"
checksum = "11d7a9f6330b71fea57921c9b61c47ee6e84f72d394754eff6163ae67e7395eb"
dependencies = [
 "proc-macro2",
 "quote",
 "syn",
]

[[package]]
name = "indexmap"
version = "1.9.2"
source = "registry+https://github.com/rust-lang/crates.io-index"
checksum = "1885e79c1fc4b10f0e172c475f458b7f7b93061064d98c3293e98c5ba0c8b399"
dependencies = [
 "autocfg",
 "hashbrown",
]

[[package]]
name = "instant"
version = "0.1.12"
source = "registry+https://github.com/rust-lang/crates.io-index"
checksum = "7a5bbe824c507c5da5956355e86a746d82e0e1464f65d862cc5e71da70e94b2c"
dependencies = [
 "cfg-if",
]

[[package]]
name = "itertools"
version = "0.10.5"
source = "registry+https://github.com/rust-lang/crates.io-index"
checksum = "b0fd2260e829bddf4cb6ea802289de2f86d6a7a690192fbe91b3f46e0f2c8473"
dependencies = [
 "either",
]

[[package]]
name = "itoa"
version = "1.0.5"
source = "registry+https://github.com/rust-lang/crates.io-index"
checksum = "fad582f4b9e86b6caa621cabeb0963332d92eea04729ab12892c2533951e6440"

[[package]]
name = "keccak"
version = "0.1.3"
source = "registry+https://github.com/rust-lang/crates.io-index"
checksum = "3afef3b6eff9ce9d8ff9b3601125eec7f0c8cbac7abd14f355d053fa56c98768"
dependencies = [
 "cpufeatures",
]

[[package]]
name = "lazy_static"
version = "1.4.0"
source = "registry+https://github.com/rust-lang/crates.io-index"
checksum = "e2abad23fbc42b3700f2f279844dc832adb2b2eb069b2df918f455c4e18cc646"

[[package]]
name = "libc"
version = "0.2.139"
source = "registry+https://github.com/rust-lang/crates.io-index"
checksum = "201de327520df007757c1f0adce6e827fe8562fbc28bfd9c15571c66ca1f5f79"

[[package]]
name = "log"
version = "0.4.17"
source = "registry+https://github.com/rust-lang/crates.io-index"
checksum = "abb12e687cfb44aa40f41fc3978ef76448f9b6038cad6aef4259d3c095a2382e"
dependencies = [
 "cfg-if",
]

[[package]]
name = "memchr"
version = "2.5.0"
source = "registry+https://github.com/rust-lang/crates.io-index"
checksum = "2dffe52ecf27772e601905b7522cb4ef790d2cc203488bbd0e2fe85fcb74566d"

[[package]]
name = "multimap"
version = "0.8.3"
source = "registry+https://github.com/rust-lang/crates.io-index"
checksum = "e5ce46fe64a9d73be07dcbe690a38ce1b293be448fd8ce1e6c1b8062c9f72c6a"

[[package]]
name = "num-bigint"
version = "0.4.3"
source = "registry+https://github.com/rust-lang/crates.io-index"
checksum = "f93ab6289c7b344a8a9f60f88d80aa20032336fe78da341afc91c8a2341fc75f"
dependencies = [
 "autocfg",
 "num-integer",
 "num-traits",
]

[[package]]
name = "num-integer"
version = "0.1.45"
source = "registry+https://github.com/rust-lang/crates.io-index"
checksum = "225d3389fb3509a24c93f5c29eb6bde2586b98d9f016636dff58d7c6f7569cd9"
dependencies = [
 "autocfg",
 "num-traits",
]

[[package]]
name = "num-traits"
version = "0.2.15"
source = "registry+https://github.com/rust-lang/crates.io-index"
checksum = "578ede34cf02f8924ab9447f50c28075b4d3e5b269972345e7e0372b38c6cdcd"
dependencies = [
 "autocfg",
]

[[package]]
name = "once_cell"
version = "1.17.0"
source = "registry+https://github.com/rust-lang/crates.io-index"
checksum = "6f61fba1741ea2b3d6a1e3178721804bb716a68a6aeba1149b5d52e3d464ea66"

[[package]]
name = "pad"
version = "0.1.6"
source = "registry+https://github.com/rust-lang/crates.io-index"
checksum = "d2ad9b889f1b12e0b9ee24db044b5129150d5eada288edc800f789928dc8c0e3"
dependencies = [
 "unicode-width",
]

[[package]]
name = "parity-scale-codec"
version = "3.2.2"
source = "registry+https://github.com/rust-lang/crates.io-index"
checksum = "e7ab01d0f889e957861bc65888d5ccbe82c158d0270136ba46820d43837cdf72"
dependencies = [
 "arrayvec",
 "bitvec",
 "byte-slice-cast",
 "impl-trait-for-tuples",
 "parity-scale-codec-derive",
 "serde",
]

[[package]]
name = "parity-scale-codec-derive"
version = "3.1.4"
source = "registry+https://github.com/rust-lang/crates.io-index"
checksum = "86b26a931f824dd4eca30b3e43bb4f31cd5f0d3a403c5f5ff27106b805bfde7b"
dependencies = [
 "proc-macro-crate",
 "proc-macro2",
 "quote",
 "syn",
]

[[package]]
name = "petgraph"
version = "0.6.2"
source = "registry+https://github.com/rust-lang/crates.io-index"
checksum = "e6d5014253a1331579ce62aa67443b4a658c5e7dd03d4bc6d302b94474888143"
dependencies = [
 "fixedbitset",
 "indexmap",
]

[[package]]
name = "ppv-lite86"
version = "0.2.17"
source = "registry+https://github.com/rust-lang/crates.io-index"
checksum = "5b40af805b3121feab8a3c29f04d8ad262fa8e0561883e7653e024ae4479e6de"

[[package]]
name = "prettyplease"
version = "0.1.23"
source = "registry+https://github.com/rust-lang/crates.io-index"
checksum = "e97e3215779627f01ee256d2fad52f3d95e8e1c11e9fc6fd08f7cd455d5d5c78"
dependencies = [
 "proc-macro2",
 "syn",
]

[[package]]
name = "primitive-types"
version = "0.11.1"
source = "registry+https://github.com/rust-lang/crates.io-index"
checksum = "e28720988bff275df1f51b171e1b2a18c30d194c4d2b61defdacecd625a5d94a"
dependencies = [
 "fixed-hash",
 "impl-codec",
 "impl-rlp",
 "impl-serde",
 "uint",
]

[[package]]
name = "proc-macro-crate"
version = "1.2.1"
source = "registry+https://github.com/rust-lang/crates.io-index"
checksum = "eda0fc3b0fb7c975631757e14d9049da17374063edb6ebbcbc54d880d4fe94e9"
dependencies = [
 "once_cell",
 "thiserror",
 "toml",
]

[[package]]
name = "proc-macro2"
version = "1.0.50"
source = "registry+https://github.com/rust-lang/crates.io-index"
checksum = "6ef7d57beacfaf2d8aee5937dab7b7f28de3cb8b1828479bb5de2a7106f2bae2"
dependencies = [
 "unicode-ident",
]

[[package]]
name = "prost"
version = "0.11.9"
source = "registry+https://github.com/rust-lang/crates.io-index"
checksum = "0b82eaa1d779e9a4bc1c3217db8ffbeabaae1dca241bf70183242128d48681cd"
dependencies = [
 "bytes",
 "prost-derive",
]

[[package]]
name = "prost-build"
version = "0.11.6"
source = "registry+https://github.com/rust-lang/crates.io-index"
checksum = "a3f8ad728fb08fe212df3c05169e940fbb6d9d16a877ddde14644a983ba2012e"
dependencies = [
 "bytes",
 "heck",
 "itertools",
 "lazy_static",
 "log",
 "multimap",
 "petgraph",
 "prettyplease",
 "prost",
 "prost-types",
 "regex",
 "syn",
 "tempfile",
 "which",
]

[[package]]
name = "prost-derive"
version = "0.11.9"
source = "registry+https://github.com/rust-lang/crates.io-index"
checksum = "e5d2d8d10f3c6ded6da8b05b5fb3b8a5082514344d56c9f871412d29b4e075b4"
dependencies = [
 "anyhow",
 "itertools",
 "proc-macro2",
 "quote",
 "syn",
]

[[package]]
name = "prost-types"
version = "0.11.9"
source = "registry+https://github.com/rust-lang/crates.io-index"
checksum = "213622a1460818959ac1181aaeb2dc9c7f63df720db7d788b3e24eacd1983e13"
dependencies = [
 "prost",
]

[[package]]
name = "quote"
version = "1.0.23"
source = "registry+https://github.com/rust-lang/crates.io-index"
checksum = "8856d8364d252a14d474036ea1358d63c9e6965c8e5c1885c18f73d70bff9c7b"
dependencies = [
 "proc-macro2",
]

[[package]]
name = "radium"
version = "0.7.0"
source = "registry+https://github.com/rust-lang/crates.io-index"
checksum = "dc33ff2d4973d518d823d61aa239014831e521c75da58e3df4840d3f47749d09"

[[package]]
name = "rand"
version = "0.8.5"
source = "registry+https://github.com/rust-lang/crates.io-index"
checksum = "34af8d1a0e25924bc5b7c43c079c942339d8f0a8b57c39049bef581b46327404"
dependencies = [
 "libc",
 "rand_chacha",
 "rand_core",
]

[[package]]
name = "rand_chacha"
version = "0.3.1"
source = "registry+https://github.com/rust-lang/crates.io-index"
checksum = "e6c10a63a0fa32252be49d21e7709d4d4baf8d231c2dbce1eaa8141b9b127d88"
dependencies = [
 "ppv-lite86",
 "rand_core",
]

[[package]]
name = "rand_core"
version = "0.6.4"
source = "registry+https://github.com/rust-lang/crates.io-index"
checksum = "ec0be4795e2f6a28069bec0b5ff3e2ac9bafc99e6a9a7dc3547996c5c816922c"
dependencies = [
 "getrandom",
]

[[package]]
name = "redox_syscall"
version = "0.2.16"
source = "registry+https://github.com/rust-lang/crates.io-index"
checksum = "fb5a58c1855b4b6819d59012155603f0b22ad30cad752600aadfcb695265519a"
dependencies = [
 "bitflags",
]

[[package]]
name = "regex"
version = "1.7.1"
source = "registry+https://github.com/rust-lang/crates.io-index"
checksum = "48aaa5748ba571fb95cd2c85c09f629215d3a6ece942baa100950af03a34f733"
dependencies = [
 "aho-corasick",
 "memchr",
 "regex-syntax",
]

[[package]]
name = "regex-syntax"
version = "0.6.28"
source = "registry+https://github.com/rust-lang/crates.io-index"
checksum = "456c603be3e8d448b072f410900c09faf164fbce2d480456f50eea6e25f9c848"

[[package]]
name = "remove_dir_all"
version = "0.5.3"
source = "registry+https://github.com/rust-lang/crates.io-index"
checksum = "3acd125665422973a33ac9d3dd2df85edad0f4ae9b00dafb1a05e43a9f5ef8e7"
dependencies = [
 "winapi",
]

[[package]]
name = "rlp"
version = "0.5.2"
source = "registry+https://github.com/rust-lang/crates.io-index"
checksum = "bb919243f34364b6bd2fc10ef797edbfa75f33c252e7998527479c6d6b47e1ec"
dependencies = [
 "bytes",
 "rustc-hex",
]

[[package]]
name = "rustc-hex"
version = "2.1.0"
source = "registry+https://github.com/rust-lang/crates.io-index"
checksum = "3e75f6a532d0fd9f7f13144f392b6ad56a32696bfcd9c78f797f16bbb6f072d6"

[[package]]
name = "ryu"
version = "1.0.12"
source = "registry+https://github.com/rust-lang/crates.io-index"
checksum = "7b4b9743ed687d4b4bcedf9ff5eaa7398495ae14e61cba0a295704edbc7decde"

[[package]]
name = "serde"
version = "1.0.152"
source = "registry+https://github.com/rust-lang/crates.io-index"
checksum = "bb7d1f0d3021d347a83e556fc4683dea2ea09d87bccdf88ff5c12545d89d5efb"
dependencies = [
 "serde_derive",
]

[[package]]
name = "serde_derive"
version = "1.0.152"
source = "registry+https://github.com/rust-lang/crates.io-index"
checksum = "af487d118eecd09402d70a5d72551860e788df87b464af30e5ea6a38c75c541e"
dependencies = [
 "proc-macro2",
 "quote",
 "syn",
]

[[package]]
name = "serde_json"
version = "1.0.91"
source = "registry+https://github.com/rust-lang/crates.io-index"
checksum = "877c235533714907a8c2464236f5c4b2a17262ef1bd71f38f35ea592c8da6883"
dependencies = [
 "itoa",
 "ryu",
 "serde",
]

[[package]]
name = "sha3"
version = "0.10.6"
source = "registry+https://github.com/rust-lang/crates.io-index"
checksum = "bdf0c33fae925bdc080598b84bc15c55e7b9a4a43b3c704da051f977469691c9"
dependencies = [
 "digest",
 "keccak",
]

[[package]]
name = "static_assertions"
version = "1.1.0"
source = "registry+https://github.com/rust-lang/crates.io-index"
checksum = "a2eb9349b6444b326872e140eb1cf5e7c522154d69e7a0ffb0fb81c06b37543f"

[[package]]
name = "substreams"
version = "0.5.10"
source = "registry+https://github.com/rust-lang/crates.io-index"
checksum = "af972e374502cdfc9998132f5343848d1c58f27a295dc061a89804371f408a46"
dependencies = [
 "anyhow",
 "bigdecimal",
 "hex",
 "hex-literal",
 "num-bigint",
 "num-traits",
 "pad",
 "prost",
 "prost-build",
 "prost-types",
 "substreams-macro",
 "thiserror",
]

[[package]]
name = "substreams-entity-change"
version = "1.3.0"
source = "registry+https://github.com/rust-lang/crates.io-index"
checksum = "d423d0c12a9284a3d6d4ec288dbc9bfec3d55f9056098ba91a6dcfa64fb3889e"
dependencies = [
 "base64",
 "prost",
 "prost-types",
 "substreams",
]

[[package]]
name = "substreams-ethereum"
version = "0.9.4"
source = "registry+https://github.com/rust-lang/crates.io-index"
checksum = "78effc18ed321399fe15ec082806e96a58d213f79741d078c1cd26dd6dd53025"
dependencies = [
 "getrandom",
 "num-bigint",
 "substreams",
 "substreams-ethereum-abigen",
 "substreams-ethereum-core",
 "substreams-ethereum-derive",
]

[[package]]
name = "substreams-ethereum-abigen"
version = "0.9.4"
source = "registry+https://github.com/rust-lang/crates.io-index"
checksum = "97a176f39a6e09553c17a287edacd1854e5686fd20ffea3c9655dfc44d94b35e"
dependencies = [
 "anyhow",
 "ethabi",
 "heck",
 "hex",
 "prettyplease",
 "proc-macro2",
 "quote",
 "substreams-ethereum-core",
 "syn",
]

[[package]]
name = "substreams-ethereum-core"
version = "0.9.4"
source = "registry+https://github.com/rust-lang/crates.io-index"
checksum = "db4700cfe408b75634a3c6b3a0caf7bddba4879601d2085c811485ea54cbde2d"
dependencies = [
 "bigdecimal",
 "ethabi",
 "getrandom",
 "num-bigint",
 "prost",
 "prost-build",
 "prost-types",
 "substreams",
]

[[package]]
name = "substreams-ethereum-derive"
version = "0.9.4"
source = "registry+https://github.com/rust-lang/crates.io-index"
checksum = "40d6d278d926fe3f0775d996ee2b5e1dc822c1b4bf4f7bf07c7fbb5bce6c79a9"
dependencies = [
 "ethabi",
 "heck",
 "hex",
 "num-bigint",
 "proc-macro2",
 "quote",
 "substreams-ethereum-abigen",
 "syn",
]

[[package]]
name = "substreams-ethereum-quickstart"
version = "1.0.0"
dependencies = [
 "base64",
 "prost",
 "prost-types",
 "substreams",
 "substreams-entity-change",
 "substreams-ethereum",
]

[[package]]
name = "substreams-macro"
version = "0.5.10"
source = "registry+https://github.com/rust-lang/crates.io-index"
checksum = "6521ccd011a4c3f52cd3c31fc7400733e4feba2094e0e0e6354adca25b2b3f37"
dependencies = [
 "proc-macro2",
 "quote",
 "syn",
 "thiserror",
]

[[package]]
name = "syn"
version = "1.0.107"
source = "registry+https://github.com/rust-lang/crates.io-index"
checksum = "1f4064b5b16e03ae50984a5a8ed5d4f8803e6bc1fd170a3cda91a1be4b18e3f5"
dependencies = [
 "proc-macro2",
 "quote",
 "unicode-ident",
]

[[package]]
name = "tap"
version = "1.0.1"
source = "registry+https://github.com/rust-lang/crates.io-index"
checksum = "55937e1799185b12863d447f42597ed69d9928686b8d88a1df17376a097d8369"

[[package]]
name = "tempfile"
version = "3.3.0"
source = "registry+https://github.com/rust-lang/crates.io-index"
checksum = "5cdb1ef4eaeeaddc8fbd371e5017057064af0911902ef36b39801f67cc6d79e4"
dependencies = [
 "cfg-if",
 "fastrand",
 "libc",
 "redox_syscall",
 "remove_dir_all",
 "winapi",
]

[[package]]
name = "thiserror"
version = "1.0.38"
source = "registry+https://github.com/rust-lang/crates.io-index"
checksum = "6a9cd18aa97d5c45c6603caea1da6628790b37f7a34b6ca89522331c5180fed0"
dependencies = [
 "thiserror-impl",
]

[[package]]
name = "thiserror-impl"
version = "1.0.38"
source = "registry+https://github.com/rust-lang/crates.io-index"
checksum = "1fb327af4685e4d03fa8cbcf1716380da910eeb2bb8be417e7f9fd3fb164f36f"
dependencies = [
 "proc-macro2",
 "quote",
 "syn",
]

[[package]]
name = "tiny-keccak"
version = "2.0.2"
source = "registry+https://github.com/rust-lang/crates.io-index"
checksum = "2c9d3793400a45f954c52e73d068316d76b6f4e36977e3fcebb13a2721e80237"
dependencies = [
 "crunchy",
]

[[package]]
name = "toml"
version = "0.5.11"
source = "registry+https://github.com/rust-lang/crates.io-index"
checksum = "f4f7f0dd8d50a853a531c426359045b1998f04219d88799810762cd4ad314234"
dependencies = [
 "serde",
]

[[package]]
name = "typenum"
version = "1.16.0"
source = "registry+https://github.com/rust-lang/crates.io-index"
checksum = "497961ef93d974e23eb6f433eb5fe1b7930b659f06d12dec6fc44a8f554c0bba"

[[package]]
name = "uint"
version = "0.9.5"
source = "registry+https://github.com/rust-lang/crates.io-index"
checksum = "76f64bba2c53b04fcab63c01a7d7427eadc821e3bc48c34dc9ba29c501164b52"
dependencies = [
 "byteorder",
 "crunchy",
 "hex",
 "static_assertions",
]

[[package]]
name = "unicode-ident"
version = "1.0.6"
source = "registry+https://github.com/rust-lang/crates.io-index"
checksum = "84a22b9f218b40614adcb3f4ff08b703773ad44fa9423e4e0d346d5db86e4ebc"

[[package]]
name = "unicode-width"
version = "0.1.10"
source = "registry+https://github.com/rust-lang/crates.io-index"
checksum = "c0edd1e5b14653f783770bce4a4dabb4a5108a5370a5f5d8cfe8710c361f6c8b"

[[package]]
name = "version_check"
version = "0.9.4"
source = "registry+https://github.com/rust-lang/crates.io-index"
checksum = "49874b5167b65d7193b8aba1567f5c7d93d001cafc34600cee003eda787e483f"

[[package]]
name = "wasi"
version = "0.11.0+wasi-snapshot-preview1"
source = "registry+https://github.com/rust-lang/crates.io-index"
checksum = "9c8d87e72b64a3b4db28d11ce29237c246188f4f51057d65a7eab63b7987e423"

[[package]]
name = "which"
version = "4.4.0"
source = "registry+https://github.com/rust-lang/crates.io-index"
checksum = "2441c784c52b289a054b7201fc93253e288f094e2f4be9058343127c4226a269"
dependencies = [
 "either",
 "libc",
 "once_cell",
]

[[package]]
name = "winapi"
version = "0.3.9"
source = "registry+https://github.com/rust-lang/crates.io-index"
checksum = "5c839a674fcd7a98952e593242ea400abe93992746761e38641405d28b00f419"
dependencies = [
 "winapi-i686-pc-windows-gnu",
 "winapi-x86_64-pc-windows-gnu",
]

[[package]]
name = "winapi-i686-pc-windows-gnu"
version = "0.4.0"
source = "registry+https://github.com/rust-lang/crates.io-index"
checksum = "ac3b87c63620426dd9b991e5ce0329eff545bccbbb34f3be09ff6fb6ab51b7b6"

[[package]]
name = "winapi-x86_64-pc-windows-gnu"
version = "0.4.0"
source = "registry+https://github.com/rust-lang/crates.io-index"
checksum = "712e227841d057c1ee1cd2fb22fa7e5a5461ae8e48fa2ca79ec42cfc1931183f"

[[package]]
name = "wyz"
version = "0.5.1"
source = "registry+https://github.com/rust-lang/crates.io-index"
checksum = "05f360fc0b24296329c78fda852a1e9ae82de9cf7b27dae4b7f62f118f77b9ed"
dependencies = [
 "tap",
]
